// !$*UTF8*$!
{
	archiveVersion = 1;
	classes = {
	};
	objectVersion = 50;
	objects = {

/* Begin PBXBuildFile section */
		B4A24FFB222C36D200DDBC86 /* main.swift in Sources */ = {isa = PBXBuildFile; fileRef = B4A24FFA222C36D200DDBC86 /* main.swift */; };
		B4A250102230884C00DDBC86 /* Engine.swift in Sources */ = {isa = PBXBuildFile; fileRef = B4A2500F2230884C00DDBC86 /* Engine.swift */; };
		B4A2501322308A8A00DDBC86 /* Node.swift in Sources */ = {isa = PBXBuildFile; fileRef = B4A2501222308A8A00DDBC86 /* Node.swift */; };
		B4A250152230941D00DDBC86 /* Combine.swift in Sources */ = {isa = PBXBuildFile; fileRef = B4A250142230941D00DDBC86 /* Combine.swift */; };
		B4A250172231DFC700DDBC86 /* Queue.swift in Sources */ = {isa = PBXBuildFile; fileRef = B4A250162231DFC700DDBC86 /* Queue.swift */; };
		B4BC6E3E22581BC30016E7DB /* State.swift in Sources */ = {isa = PBXBuildFile; fileRef = B4BC6E3D22581BC30016E7DB /* State.swift */; };
		B4BC6E41225906500016E7DB /* Array+Helpers.swift in Sources */ = {isa = PBXBuildFile; fileRef = B4BC6E40225906500016E7DB /* Array+Helpers.swift */; };
/* End PBXBuildFile section */

/* Begin PBXCopyFilesBuildPhase section */
		B4A24FF5222C36D200DDBC86 /* CopyFiles */ = {
			isa = PBXCopyFilesBuildPhase;
			buildActionMask = 2147483647;
			dstPath = /usr/share/man/man1/;
			dstSubfolderSpec = 0;
			files = (
			);
			runOnlyForDeploymentPostprocessing = 1;
		};
/* End PBXCopyFilesBuildPhase section */

/* Begin PBXFileReference section */
		B4A24FF7222C36D200DDBC86 /* RiverCrossing */ = {isa = PBXFileReference; explicitFileType = "compiled.mach-o.executable"; includeInIndex = 0; path = RiverCrossing; sourceTree = BUILT_PRODUCTS_DIR; };
		B4A24FFA222C36D200DDBC86 /* main.swift */ = {isa = PBXFileReference; lastKnownFileType = sourcecode.swift; path = main.swift; sourceTree = "<group>"; };
		B4A2500F2230884C00DDBC86 /* Engine.swift */ = {isa = PBXFileReference; lastKnownFileType = sourcecode.swift; path = Engine.swift; sourceTree = "<group>"; };
		B4A2501222308A8A00DDBC86 /* Node.swift */ = {isa = PBXFileReference; lastKnownFileType = sourcecode.swift; path = Node.swift; sourceTree = "<group>"; };
		B4A250142230941D00DDBC86 /* Combine.swift */ = {isa = PBXFileReference; lastKnownFileType = sourcecode.swift; path = Combine.swift; sourceTree = "<group>"; };
		B4A250162231DFC700DDBC86 /* Queue.swift */ = {isa = PBXFileReference; lastKnownFileType = sourcecode.swift; path = Queue.swift; sourceTree = "<group>"; };
		B4BC6E3D22581BC30016E7DB /* State.swift */ = {isa = PBXFileReference; lastKnownFileType = sourcecode.swift; path = State.swift; sourceTree = "<group>"; };
		B4BC6E40225906500016E7DB /* Array+Helpers.swift */ = {isa = PBXFileReference; lastKnownFileType = sourcecode.swift; path = "Array+Helpers.swift"; sourceTree = "<group>"; };
/* End PBXFileReference section */

/* Begin PBXFrameworksBuildPhase section */
		B4A24FF4222C36D200DDBC86 /* Frameworks */ = {
			isa = PBXFrameworksBuildPhase;
			buildActionMask = 2147483647;
			files = (
			);
			runOnlyForDeploymentPostprocessing = 0;
		};
/* End PBXFrameworksBuildPhase section */

/* Begin PBXGroup section */
		B4A24FEE222C36D100DDBC86 = {
			isa = PBXGroup;
			children = (
				B4A24FF9222C36D200DDBC86 /* RiverCrossing */,
				B4A24FF8222C36D200DDBC86 /* Products */,
			);
			sourceTree = "<group>";
		};
		B4A24FF8222C36D200DDBC86 /* Products */ = {
			isa = PBXGroup;
			children = (
				B4A24FF7222C36D200DDBC86 /* RiverCrossing */,
			);
			name = Products;
			sourceTree = "<group>";
		};
		B4A24FF9222C36D200DDBC86 /* RiverCrossing */ = {
			isa = PBXGroup;
			children = (
				B4BC6E3F225906440016E7DB /* Extension */,
				B4A2500E2230881900DDBC86 /* Core */,
				B4A24FFA222C36D200DDBC86 /* main.swift */,
			);
			path = RiverCrossing;
			sourceTree = "<group>";
		};
		B4A2500E2230881900DDBC86 /* Core */ = {
			isa = PBXGroup;
			children = (
				B4A2501222308A8A00DDBC86 /* Node.swift */,
				B4A250142230941D00DDBC86 /* Combine.swift */,
				B4A2500F2230884C00DDBC86 /* Engine.swift */,
				B4A250162231DFC700DDBC86 /* Queue.swift */,
				B4BC6E3D22581BC30016E7DB /* State.swift */,
			);
			path = Core;
			sourceTree = "<group>";
		};
		B4BC6E3F225906440016E7DB /* Extension */ = {
			isa = PBXGroup;
			children = (
				B4BC6E40225906500016E7DB /* Array+Helpers.swift */,
			);
			path = Extension;
			sourceTree = "<group>";
		};
/* End PBXGroup section */

/* Begin PBXNativeTarget section */
		B4A24FF6222C36D200DDBC86 /* RiverCrossing */ = {
			isa = PBXNativeTarget;
			buildConfigurationList = B4A24FFE222C36D200DDBC86 /* Build configuration list for PBXNativeTarget "RiverCrossing" */;
			buildPhases = (
				B4A24FF3222C36D200DDBC86 /* Sources */,
				B4A24FF4222C36D200DDBC86 /* Frameworks */,
				B4A24FF5222C36D200DDBC86 /* CopyFiles */,
			);
			buildRules = (
			);
			dependencies = (
			);
			name = RiverCrossing;
			productName = RiverCrossing;
			productReference = B4A24FF7222C36D200DDBC86 /* RiverCrossing */;
			productType = "com.apple.product-type.tool";
		};
/* End PBXNativeTarget section */

/* Begin PBXProject section */
		B4A24FEF222C36D100DDBC86 /* Project object */ = {
			isa = PBXProject;
			attributes = {
				LastSwiftUpdateCheck = 1010;
				LastUpgradeCheck = 1010;
				ORGANIZATIONNAME = "Anderson Santos Gusmão";
				TargetAttributes = {
					B4A24FF6222C36D200DDBC86 = {
						CreatedOnToolsVersion = 10.1;
					};
				};
			};
			buildConfigurationList = B4A24FF2222C36D200DDBC86 /* Build configuration list for PBXProject "RiverCrossing" */;
			compatibilityVersion = "Xcode 9.3";
			developmentRegion = en;
			hasScannedForEncodings = 0;
			knownRegions = (
				en,
			);
			mainGroup = B4A24FEE222C36D100DDBC86;
			productRefGroup = B4A24FF8222C36D200DDBC86 /* Products */;
			projectDirPath = "";
			projectRoot = "";
			targets = (
				B4A24FF6222C36D200DDBC86 /* RiverCrossing */,
			);
		};
/* End PBXProject section */

/* Begin PBXSourcesBuildPhase section */
		B4A24FF3222C36D200DDBC86 /* Sources */ = {
			isa = PBXSourcesBuildPhase;
			buildActionMask = 2147483647;
			files = (
				B4A250172231DFC700DDBC86 /* Queue.swift in Sources */,
				B4A2501322308A8A00DDBC86 /* Node.swift in Sources */,
				B4BC6E3E22581BC30016E7DB /* State.swift in Sources */,
				B4BC6E41225906500016E7DB /* Array+Helpers.swift in Sources */,
				B4A250152230941D00DDBC86 /* Combine.swift in Sources */,
				B4A24FFB222C36D200DDBC86 /* main.swift in Sources */,
				B4A250102230884C00DDBC86 /* Engine.swift in Sources */,
			);
			runOnlyForDeploymentPostprocessing = 0;
		};
/* End PBXSourcesBuildPhase section */

/* Begin XCBuildConfiguration section */
		B4A24FFC222C36D200DDBC86 /* Debug */ = {
			isa = XCBuildConfiguration;
			buildSettings = {
				ALWAYS_SEARCH_USER_PATHS = NO;
				CLANG_ANALYZER_NONNULL = YES;
				CLANG_ANALYZER_NUMBER_OBJECT_CONVERSION = YES_AGGRESSIVE;
				CLANG_CXX_LANGUAGE_STANDARD = "gnu++14";
				CLANG_CXX_LIBRARY = "libc++";
				CLANG_ENABLE_MODULES = YES;
				CLANG_ENABLE_OBJC_ARC = YES;
				CLANG_ENABLE_OBJC_WEAK = YES;
				CLANG_WARN_BLOCK_CAPTURE_AUTORELEASING = YES;
				CLANG_WARN_BOOL_CONVERSION = YES;
				CLANG_WARN_COMMA = YES;
				CLANG_WARN_CONSTANT_CONVERSION = YES;
				CLANG_WARN_DEPRECATED_OBJC_IMPLEMENTATIONS = YES;
				CLANG_WARN_DIRECT_OBJC_ISA_USAGE = YES_ERROR;
				CLANG_WARN_DOCUMENTATION_COMMENTS = YES;
				CLANG_WARN_EMPTY_BODY = YES;
				CLANG_WARN_ENUM_CONVERSION = YES;
				CLANG_WARN_INFINITE_RECURSION = YES;
				CLANG_WARN_INT_CONVERSION = YES;
				CLANG_WARN_NON_LITERAL_NULL_CONVERSION = YES;
				CLANG_WARN_OBJC_IMPLICIT_RETAIN_SELF = YES;
				CLANG_WARN_OBJC_LITERAL_CONVERSION = YES;
				CLANG_WARN_OBJC_ROOT_CLASS = YES_ERROR;
				CLANG_WARN_RANGE_LOOP_ANALYSIS = YES;
				CLANG_WARN_STRICT_PROTOTYPES = YES;
				CLANG_WARN_SUSPICIOUS_MOVE = YES;
				CLANG_WARN_UNGUARDED_AVAILABILITY = YES_AGGRESSIVE;
				CLANG_WARN_UNREACHABLE_CODE = YES;
				CLANG_WARN__DUPLICATE_METHOD_MATCH = YES;
				CODE_SIGN_IDENTITY = "Mac Developer";
				COPY_PHASE_STRIP = NO;
				DEBUG_INFORMATION_FORMAT = dwarf;
				ENABLE_STRICT_OBJC_MSGSEND = YES;
				ENABLE_TESTABILITY = YES;
				GCC_C_LANGUAGE_STANDARD = gnu11;
				GCC_DYNAMIC_NO_PIC = NO;
				GCC_NO_COMMON_BLOCKS = YES;
				GCC_OPTIMIZATION_LEVEL = 0;
				GCC_PREPROCESSOR_DEFINITIONS = (
					"DEBUG=1",
					"$(inherited)",
				);
				GCC_WARN_64_TO_32_BIT_CONVERSION = YES;
				GCC_WARN_ABOUT_RETURN_TYPE = YES_ERROR;
				GCC_WARN_UNDECLARED_SELECTOR = YES;
				GCC_WARN_UNINITIALIZED_AUTOS = YES_AGGRESSIVE;
				GCC_WARN_UNUSED_FUNCTION = YES;
				GCC_WARN_UNUSED_VARIABLE = YES;
				MACOSX_DEPLOYMENT_TARGET = 10.14;
				MTL_ENABLE_DEBUG_INFO = INCLUDE_SOURCE;
				MTL_FAST_MATH = YES;
				ONLY_ACTIVE_ARCH = YES;
				SDKROOT = macosx;
				SWIFT_ACTIVE_COMPILATION_CONDITIONS = DEBUG;
				SWIFT_OPTIMIZATION_LEVEL = "-Onone";
			};
			name = Debug;
		};
		B4A24FFD222C36D200DDBC86 /* Release */ = {
			isa = XCBuildConfiguration;
			buildSettings = {
				ALWAYS_SEARCH_USER_PATHS = NO;
				CLANG_ANALYZER_NONNULL = YES;
				CLANG_ANALYZER_NUMBER_OBJECT_CONVERSION = YES_AGGRESSIVE;
				CLANG_CXX_LANGUAGE_STANDARD = "gnu++14";
				CLANG_CXX_LIBRARY = "libc++";
				CLANG_ENABLE_MODULES = YES;
				CLANG_ENABLE_OBJC_ARC = YES;
				CLANG_ENABLE_OBJC_WEAK = YES;
				CLANG_WARN_BLOCK_CAPTURE_AUTORELEASING = YES;
				CLANG_WARN_BOOL_CONVERSION = YES;
				CLANG_WARN_COMMA = YES;
				CLANG_WARN_CONSTANT_CONVERSION = YES;
				CLANG_WARN_DEPRECATED_OBJC_IMPLEMENTATIONS = YES;
				CLANG_WARN_DIRECT_OBJC_ISA_USAGE = YES_ERROR;
				CLANG_WARN_DOCUMENTATION_COMMENTS = YES;
				CLANG_WARN_EMPTY_BODY = YES;
				CLANG_WARN_ENUM_CONVERSION = YES;
				CLANG_WARN_INFINITE_RECURSION = YES;
				CLANG_WARN_INT_CONVERSION = YES;
				CLANG_WARN_NON_LITERAL_NULL_CONVERSION = YES;
				CLANG_WARN_OBJC_IMPLICIT_RETAIN_SELF = YES;
				CLANG_WARN_OBJC_LITERAL_CONVERSION = YES;
				CLANG_WARN_OBJC_ROOT_CLASS = YES_ERROR;
				CLANG_WARN_RANGE_LOOP_ANALYSIS = YES;
				CLANG_WARN_STRICT_PROTOTYPES = YES;
				CLANG_WARN_SUSPICIOUS_MOVE = YES;
				CLANG_WARN_UNGUARDED_AVAILABILITY = YES_AGGRESSIVE;
				CLANG_WARN_UNREACHABLE_CODE = YES;
				CLANG_WARN__DUPLICATE_METHOD_MATCH = YES;
				CODE_SIGN_IDENTITY = "Mac Developer";
				COPY_PHASE_STRIP = NO;
				DEBUG_INFORMATION_FORMAT = "dwarf-with-dsym";
				ENABLE_NS_ASSERTIONS = NO;
				ENABLE_STRICT_OBJC_MSGSEND = YES;
				GCC_C_LANGUAGE_STANDARD = gnu11;
				GCC_NO_COMMON_BLOCKS = YES;
				GCC_WARN_64_TO_32_BIT_CONVERSION = YES;
				GCC_WARN_ABOUT_RETURN_TYPE = YES_ERROR;
				GCC_WARN_UNDECLARED_SELECTOR = YES;
				GCC_WARN_UNINITIALIZED_AUTOS = YES_AGGRESSIVE;
				GCC_WARN_UNUSED_FUNCTION = YES;
				GCC_WARN_UNUSED_VARIABLE = YES;
				MACOSX_DEPLOYMENT_TARGET = 10.14;
				MTL_ENABLE_DEBUG_INFO = NO;
				MTL_FAST_MATH = YES;
				SDKROOT = macosx;
				SWIFT_COMPILATION_MODE = wholemodule;
				SWIFT_OPTIMIZATION_LEVEL = "-O";
			};
			name = Release;
		};
		B4A24FFF222C36D200DDBC86 /* Debug */ = {
			isa = XCBuildConfiguration;
			buildSettings = {
				CODE_SIGN_STYLE = Automatic;
				DEVELOPMENT_TEAM = 3ET68Q56D7;
				PRODUCT_NAME = "$(TARGET_NAME)";
				SWIFT_VERSION = 4.2;
			};
			name = Debug;
		};
		B4A25000222C36D200DDBC86 /* Release */ = {
			isa = XCBuildConfiguration;
			buildSettings = {
				CODE_SIGN_STYLE = Automatic;
				DEVELOPMENT_TEAM = 3ET68Q56D7;
				PRODUCT_NAME = "$(TARGET_NAME)";
				SWIFT_VERSION = 4.2;
			};
			name = Release;
		};
/* End XCBuildConfiguration section */

/* Begin XCConfigurationList section */
		B4A24FF2222C36D200DDBC86 /* Build configuration list for PBXProject "RiverCrossing" */ = {
			isa = XCConfigurationList;
			buildConfigurations = (
				B4A24FFC222C36D200DDBC86 /* Debug */,
				B4A24FFD222C36D200DDBC86 /* Release */,
			);
			defaultConfigurationIsVisible = 0;
			defaultConfigurationName = Release;
		};
		B4A24FFE222C36D200DDBC86 /* Build configuration list for PBXNativeTarget "RiverCrossing" */ = {
			isa = XCConfigurationList;
			buildConfigurations = (
				B4A24FFF222C36D200DDBC86 /* Debug */,
				B4A25000222C36D200DDBC86 /* Release */,
			);
			defaultConfigurationIsVisible = 0;
			defaultConfigurationName = Release;
		};
/* End XCConfigurationList section */
	};
	rootObject = B4A24FEF222C36D100DDBC86 /* Project object */;
}
